
Microsoft Visual Studio Solution File, Format Version 12.00
# Visual Studio Version 17
VisualStudioVersion = 17.5.002.0
MinimumVisualStudioVersion = 10.0.40219.1
Project("{9A19103F-16F7-4668-BE54-9A1E7A4F7556}") = "BeautifulFundamental.Core", "BeautifulFundamental.Core\BeautifulFundamental.Core.csproj", "{1D85D1A4-3B27-4B5C-ABE7-4ADF9280F973}"
EndProject
Project("{9A19103F-16F7-4668-BE54-9A1E7A4F7556}") = "BeautifulFundamental.Server", "BeautifulFundamental.Server\BeautifulFundamental.Server.csproj", "{3F896890-3982-45CA-B03B-A83D053CB052}"
EndProject
Global
	GlobalSection(SolutionConfigurationPlatforms) = preSolution
		Debug|Any CPU = Debug|Any CPU
		Release|Any CPU = Release|Any CPU
	EndGlobalSection
	GlobalSection(ProjectConfigurationPlatforms) = postSolution
		{1D85D1A4-3B27-4B5C-ABE7-4ADF9280F973}.Debug|Any CPU.ActiveCfg = Debug|Any CPU
		{1D85D1A4-3B27-4B5C-ABE7-4ADF9280F973}.Debug|Any CPU.Build.0 = Debug|Any CPU
		{1D85D1A4-3B27-4B5C-ABE7-4ADF9280F973}.Release|Any CPU.ActiveCfg = Release|Any CPU
		{1D85D1A4-3B27-4B5C-ABE7-4ADF9280F973}.Release|Any CPU.Build.0 = Release|Any CPU
		{3F896890-3982-45CA-B03B-A83D053CB052}.Debug|Any CPU.ActiveCfg = Debug|Any CPU
		{3F896890-3982-45CA-B03B-A83D053CB052}.Debug|Any CPU.Build.0 = Debug|Any CPU
		{3F896890-3982-45CA-B03B-A83D053CB052}.Release|Any CPU.ActiveCfg = Release|Any CPU
		{3F896890-3982-45CA-B03B-A83D053CB052}.Release|Any CPU.Build.0 = Release|Any CPU
	EndGlobalSection
	GlobalSection(SolutionProperties) = preSolution
		HideSolutionNode = FALSE
	EndGlobalSection
	GlobalSection(ExtensibilityGlobals) = postSolution
		SolutionGuid = {4C80B8CD-9C59-48CC-A3DF-5D0348A9A723}
	EndGlobalSection
EndGlobal
