
Microsoft Visual Studio Solution File, Format Version 12.00
# Visual Studio Version 17
VisualStudioVersion = 17.5.002.0
MinimumVisualStudioVersion = 10.0.40219.1
Project("{9A19103F-16F7-4668-BE54-9A1E7A4F7556}") = "BeautifulFundamental.Core", "BeautifulFundamental.Core\BeautifulFundamental.Core.csproj", "{CE84DAFB-B874-4B53-925C-457043E26625}"
EndProject
Project("{9A19103F-16F7-4668-BE54-9A1E7A4F7556}") = "BeautifulFundamental.Server", "BeautifulFundamental.Server\BeautifulFundamental.Server.csproj", "{0CECF589-13C9-44BD-B0D4-8E7BD49DEADD}"
EndProject
Project("{FAE04EC0-301F-11D3-BF4B-00C04F79EFBC}") = "BeautifulFundamental.Tests", "BeautifulFundamental.Tests\BeautifulFundamental.Tests.csproj", "{2B473875-10FD-4ECE-8DC4-F978E428BD25}"
EndProject
Global
	GlobalSection(SolutionConfigurationPlatforms) = preSolution
		Debug|Any CPU = Debug|Any CPU
		Release|Any CPU = Release|Any CPU
	EndGlobalSection
	GlobalSection(ProjectConfigurationPlatforms) = postSolution
		{CE84DAFB-B874-4B53-925C-457043E26625}.Debug|Any CPU.ActiveCfg = Debug|Any CPU
		{CE84DAFB-B874-4B53-925C-457043E26625}.Debug|Any CPU.Build.0 = Debug|Any CPU
		{CE84DAFB-B874-4B53-925C-457043E26625}.Release|Any CPU.ActiveCfg = Release|Any CPU
		{CE84DAFB-B874-4B53-925C-457043E26625}.Release|Any CPU.Build.0 = Release|Any CPU
		{0CECF589-13C9-44BD-B0D4-8E7BD49DEADD}.Debug|Any CPU.ActiveCfg = Debug|Any CPU
		{0CECF589-13C9-44BD-B0D4-8E7BD49DEADD}.Debug|Any CPU.Build.0 = Debug|Any CPU
		{0CECF589-13C9-44BD-B0D4-8E7BD49DEADD}.Release|Any CPU.ActiveCfg = Release|Any CPU
		{0CECF589-13C9-44BD-B0D4-8E7BD49DEADD}.Release|Any CPU.Build.0 = Release|Any CPU
		{2B473875-10FD-4ECE-8DC4-F978E428BD25}.Debug|Any CPU.ActiveCfg = Debug|Any CPU
		{2B473875-10FD-4ECE-8DC4-F978E428BD25}.Debug|Any CPU.Build.0 = Debug|Any CPU
		{2B473875-10FD-4ECE-8DC4-F978E428BD25}.Release|Any CPU.ActiveCfg = Release|Any CPU
		{2B473875-10FD-4ECE-8DC4-F978E428BD25}.Release|Any CPU.Build.0 = Release|Any CPU
	EndGlobalSection
	GlobalSection(SolutionProperties) = preSolution
		HideSolutionNode = FALSE
	EndGlobalSection
	GlobalSection(ExtensibilityGlobals) = postSolution
		SolutionGuid = {4C80B8CD-9C59-48CC-A3DF-5D0348A9A723}
	EndGlobalSection
EndGlobal
